
Microsoft Visual Studio Solution File, Format Version 12.00
# Visual Studio 14
VisualStudioVersion = 14.0.25420.1
MinimumVisualStudioVersion = 10.0.40219.1
Project("{FAE04EC0-301F-11D3-BF4B-00C04F79EFBC}") = "Bugfree.Spo.ExternalSharingCenter.Cli", "Bugfree.Spo.ExternalSharingCenter.Cli\Bugfree.Spo.ExternalSharingCenter.Cli.csproj", "{AD130335-F495-44DB-A369-F61897382E0D}"
EndProject
Project("{FAE04EC0-301F-11D3-BF4B-00C04F79EFBC}") = "Bugfree.Spo.ExternalSharingCenter.Core", "Bugfree.Spo.ExternalSharingCenter.Core\Bugfree.Spo.ExternalSharingCenter.Core.csproj", "{2C8C7DAB-A1F1-4C4E-8F4E-CA8C10076119}"
EndProject
Project("{FAE04EC0-301F-11D3-BF4B-00C04F79EFBC}") = "Bugfree.Spo.ExternalSharingCenter.Test", "Bugfree.Spo.ExternalSharingCenter.Test\Bugfree.Spo.ExternalSharingCenter.Test.csproj", "{0A6570B4-A4A7-4863-A171-A84B83CD404B}"
EndProject
Project("{FAE04EC0-301F-11D3-BF4B-00C04F79EFBC}") = "Bugfree.Spo.ExternalSharingCenter.WebJob", "Bugfree.Spo.ExternalSharingCenter.WebJob\Bugfree.Spo.ExternalSharingCenter.WebJob.csproj", "{D57DBFDA-1F48-4283-B91D-B6E9089BD1D9}"
EndProject
Project("{2150E333-8FDC-42A3-9474-1A3956D46DE8}") = "SolutionItems", "SolutionItems", "{31968550-8E27-4A88-B71F-4430C57A35FF}"
	ProjectSection(SolutionItems) = preProject
		..\CHANGELOG.md = ..\CHANGELOG.md
		..\LICENSE = ..\LICENSE
		..\doc\random-notes.md = ..\doc\random-notes.md
		..\README.md = ..\README.md
		..\TODO.md = ..\TODO.md
		..\doc\user-guide.md = ..\doc\user-guide.md
	EndProjectSection
EndProject
Global
	GlobalSection(SolutionConfigurationPlatforms) = preSolution
		Debug|Any CPU = Debug|Any CPU
		Release|Any CPU = Release|Any CPU
	EndGlobalSection
	GlobalSection(ProjectConfigurationPlatforms) = postSolution
		{AD130335-F495-44DB-A369-F61897382E0D}.Debug|Any CPU.ActiveCfg = Debug|Any CPU
		{AD130335-F495-44DB-A369-F61897382E0D}.Debug|Any CPU.Build.0 = Debug|Any CPU
		{AD130335-F495-44DB-A369-F61897382E0D}.Release|Any CPU.ActiveCfg = Release|Any CPU
		{AD130335-F495-44DB-A369-F61897382E0D}.Release|Any CPU.Build.0 = Release|Any CPU
		{2C8C7DAB-A1F1-4C4E-8F4E-CA8C10076119}.Debug|Any CPU.ActiveCfg = Debug|Any CPU
		{2C8C7DAB-A1F1-4C4E-8F4E-CA8C10076119}.Debug|Any CPU.Build.0 = Debug|Any CPU
		{2C8C7DAB-A1F1-4C4E-8F4E-CA8C10076119}.Release|Any CPU.ActiveCfg = Release|Any CPU
		{2C8C7DAB-A1F1-4C4E-8F4E-CA8C10076119}.Release|Any CPU.Build.0 = Release|Any CPU
		{0A6570B4-A4A7-4863-A171-A84B83CD404B}.Debug|Any CPU.ActiveCfg = Debug|Any CPU
		{0A6570B4-A4A7-4863-A171-A84B83CD404B}.Debug|Any CPU.Build.0 = Debug|Any CPU
		{0A6570B4-A4A7-4863-A171-A84B83CD404B}.Release|Any CPU.ActiveCfg = Release|Any CPU
		{0A6570B4-A4A7-4863-A171-A84B83CD404B}.Release|Any CPU.Build.0 = Release|Any CPU
		{D57DBFDA-1F48-4283-B91D-B6E9089BD1D9}.Debug|Any CPU.ActiveCfg = Debug|Any CPU
		{D57DBFDA-1F48-4283-B91D-B6E9089BD1D9}.Debug|Any CPU.Build.0 = Debug|Any CPU
		{D57DBFDA-1F48-4283-B91D-B6E9089BD1D9}.Release|Any CPU.ActiveCfg = Release|Any CPU
		{D57DBFDA-1F48-4283-B91D-B6E9089BD1D9}.Release|Any CPU.Build.0 = Release|Any CPU
	EndGlobalSection
	GlobalSection(SolutionProperties) = preSolution
		HideSolutionNode = FALSE
	EndGlobalSection
EndGlobal
